
Microsoft Visual Studio Solution File, Format Version 12.00
# Visual Studio 15
VisualStudioVersion = 15.0.28307.705
MinimumVisualStudioVersion = 10.0.40219.1
Project("{888888A0-9F3D-457C-B088-3A5042F75D52}") = "PythonReadPhotos", "PythonReadPhotos.pyproj", "{0802697F-7E9F-45D1-8FB8-45D93D0D8E3F}"
EndProject
Global
	GlobalSection(SolutionConfigurationPlatforms) = preSolution
		Debug|Any CPU = Debug|Any CPU
		Release|Any CPU = Release|Any CPU
	EndGlobalSection
	GlobalSection(ProjectConfigurationPlatforms) = postSolution
		{0802697F-7E9F-45D1-8FB8-45D93D0D8E3F}.Debug|Any CPU.ActiveCfg = Debug|Any CPU
		{0802697F-7E9F-45D1-8FB8-45D93D0D8E3F}.Release|Any CPU.ActiveCfg = Release|Any CPU
	EndGlobalSection
	GlobalSection(SolutionProperties) = preSolution
		HideSolutionNode = FALSE
	EndGlobalSection
	GlobalSection(ExtensibilityGlobals) = postSolution
		SolutionGuid = {08A23C6B-FDCF-46A5-96E6-06B57C1E6C7E}
	EndGlobalSection
EndGlobal
